// !$*UTF8*$!
{
	archiveVersion = 1;
	classes = {
	};
	objectVersion = 46;
	objects = {

/* Begin PBXBuildFile section */
		3173F60316F0264F00793114 /* UIKit.framework in Frameworks */ = {isa = PBXBuildFile; fileRef = 3173F60216F0264F00793114 /* UIKit.framework */; };
		3173F60516F0264F00793114 /* Foundation.framework in Frameworks */ = {isa = PBXBuildFile; fileRef = 3173F60416F0264F00793114 /* Foundation.framework */; };
		3173F60716F0264F00793114 /* CoreGraphics.framework in Frameworks */ = {isa = PBXBuildFile; fileRef = 3173F60616F0264F00793114 /* CoreGraphics.framework */; };
		3173F60D16F0264F00793114 /* InfoPlist.strings in Resources */ = {isa = PBXBuildFile; fileRef = 3173F60B16F0264F00793114 /* InfoPlist.strings */; };
		3173F60F16F0264F00793114 /* main.m in Sources */ = {isa = PBXBuildFile; fileRef = 3173F60E16F0264F00793114 /* main.m */; };
		3173F61316F0264F00793114 /* AppDelegate.m in Sources */ = {isa = PBXBuildFile; fileRef = 3173F61216F0264F00793114 /* AppDelegate.m */; };
		3173F61516F0264F00793114 /* Default.png in Resources */ = {isa = PBXBuildFile; fileRef = 3173F61416F0264F00793114 /* Default.png */; };
		3173F61716F0264F00793114 /* Default@2x.png in Resources */ = {isa = PBXBuildFile; fileRef = 3173F61616F0264F00793114 /* Default@2x.png */; };
		3173F61916F0264F00793114 /* Default-568h@2x.png in Resources */ = {isa = PBXBuildFile; fileRef = 3173F61816F0264F00793114 /* Default-568h@2x.png */; };
		3173F61C16F0264F00793114 /* ViewController.m in Sources */ = {isa = PBXBuildFile; fileRef = 3173F61B16F0264F00793114 /* ViewController.m */; };
		3173F62916F0266700793114 /* Kaz-800.jpg in Resources */ = {isa = PBXBuildFile; fileRef = 3173F62816F0266700793114 /* Kaz-800.jpg */; };
		3173F62B16F0268E00793114 /* QuartzCore.framework in Frameworks */ = {isa = PBXBuildFile; fileRef = 3173F62A16F0268E00793114 /* QuartzCore.framework */; };
/* End PBXBuildFile section */

/* Begin PBXFileReference section */
		3173F5FF16F0264F00793114 /* hole.app */ = {isa = PBXFileReference; explicitFileType = wrapper.application; includeInIndex = 0; path = hole.app; sourceTree = BUILT_PRODUCTS_DIR; };
		3173F60216F0264F00793114 /* UIKit.framework */ = {isa = PBXFileReference; lastKnownFileType = wrapper.framework; name = UIKit.framework; path = System/Library/Frameworks/UIKit.framework; sourceTree = SDKROOT; };
		3173F60416F0264F00793114 /* Foundation.framework */ = {isa = PBXFileReference; lastKnownFileType = wrapper.framework; name = Foundation.framework; path = System/Library/Frameworks/Foundation.framework; sourceTree = SDKROOT; };
		3173F60616F0264F00793114 /* CoreGraphics.framework */ = {isa = PBXFileReference; lastKnownFileType = wrapper.framework; name = CoreGraphics.framework; path = System/Library/Frameworks/CoreGraphics.framework; sourceTree = SDKROOT; };
		3173F60A16F0264F00793114 /* hole-Info.plist */ = {isa = PBXFileReference; lastKnownFileType = text.plist.xml; path = "hole-Info.plist"; sourceTree = "<group>"; };
		3173F60C16F0264F00793114 /* en */ = {isa = PBXFileReference; lastKnownFileType = text.plist.strings; name = en; path = en.lproj/InfoPlist.strings; sourceTree = "<group>"; };
		3173F60E16F0264F00793114 /* main.m */ = {isa = PBXFileReference; lastKnownFileType = sourcecode.c.objc; path = main.m; sourceTree = "<group>"; };
		3173F61016F0264F00793114 /* hole-Prefix.pch */ = {isa = PBXFileReference; lastKnownFileType = sourcecode.c.h; path = "hole-Prefix.pch"; sourceTree = "<group>"; };
		3173F61116F0264F00793114 /* AppDelegate.h */ = {isa = PBXFileReference; lastKnownFileType = sourcecode.c.h; path = AppDelegate.h; sourceTree = "<group>"; };
		3173F61216F0264F00793114 /* AppDelegate.m */ = {isa = PBXFileReference; lastKnownFileType = sourcecode.c.objc; path = AppDelegate.m; sourceTree = "<group>"; };
		3173F61416F0264F00793114 /* Default.png */ = {isa = PBXFileReference; lastKnownFileType = image.png; path = Default.png; sourceTree = "<group>"; };
		3173F61616F0264F00793114 /* Default@2x.png */ = {isa = PBXFileReference; lastKnownFileType = image.png; path = "Default@2x.png"; sourceTree = "<group>"; };
		3173F61816F0264F00793114 /* Default-568h@2x.png */ = {isa = PBXFileReference; lastKnownFileType = image.png; path = "Default-568h@2x.png"; sourceTree = "<group>"; };
		3173F61A16F0264F00793114 /* ViewController.h */ = {isa = PBXFileReference; lastKnownFileType = sourcecode.c.h; path = ViewController.h; sourceTree = "<group>"; };
		3173F61B16F0264F00793114 /* ViewController.m */ = {isa = PBXFileReference; lastKnownFileType = sourcecode.c.objc; path = ViewController.m; sourceTree = "<group>"; };
		3173F62816F0266700793114 /* Kaz-800.jpg */ = {isa = PBXFileReference; lastKnownFileType = image.jpeg; path = "Kaz-800.jpg"; sourceTree = "<group>"; };
		3173F62A16F0268E00793114 /* QuartzCore.framework */ = {isa = PBXFileReference; lastKnownFileType = wrapper.framework; name = QuartzCore.framework; path = System/Library/Frameworks/QuartzCore.framework; sourceTree = SDKROOT; };
/* End PBXFileReference section */

/* Begin PBXFrameworksBuildPhase section */
		3173F5FC16F0264E00793114 /* Frameworks */ = {
			isa = PBXFrameworksBuildPhase;
			buildActionMask = 2147483647;
			files = (
				3173F62B16F0268E00793114 /* QuartzCore.framework in Frameworks */,
				3173F60316F0264F00793114 /* UIKit.framework in Frameworks */,
				3173F60516F0264F00793114 /* Foundation.framework in Frameworks */,
				3173F60716F0264F00793114 /* CoreGraphics.framework in Frameworks */,
			);
			runOnlyForDeploymentPostprocessing = 0;
		};
/* End PBXFrameworksBuildPhase section */

/* Begin PBXGroup section */
		3173F5F616F0264E00793114 = {
			isa = PBXGroup;
			children = (
				3173F60816F0264F00793114 /* hole */,
				3173F60116F0264F00793114 /* Frameworks */,
				3173F60016F0264F00793114 /* Products */,
			);
			sourceTree = "<group>";
		};
		3173F60016F0264F00793114 /* Products */ = {
			isa = PBXGroup;
			children = (
				3173F5FF16F0264F00793114 /* hole.app */,
			);
			name = Products;
			sourceTree = "<group>";
		};
		3173F60116F0264F00793114 /* Frameworks */ = {
			isa = PBXGroup;
			children = (
				3173F62A16F0268E00793114 /* QuartzCore.framework */,
				3173F60216F0264F00793114 /* UIKit.framework */,
				3173F60416F0264F00793114 /* Foundation.framework */,
				3173F60616F0264F00793114 /* CoreGraphics.framework */,
			);
			name = Frameworks;
			sourceTree = "<group>";
		};
		3173F60816F0264F00793114 /* hole */ = {
			isa = PBXGroup;
			children = (
				3173F62816F0266700793114 /* Kaz-800.jpg */,
				3173F61116F0264F00793114 /* AppDelegate.h */,
				3173F61216F0264F00793114 /* AppDelegate.m */,
				3173F61A16F0264F00793114 /* ViewController.h */,
				3173F61B16F0264F00793114 /* ViewController.m */,
				3173F60916F0264F00793114 /* Supporting Files */,
			);
			path = hole;
			sourceTree = "<group>";
		};
		3173F60916F0264F00793114 /* Supporting Files */ = {
			isa = PBXGroup;
			children = (
				3173F60A16F0264F00793114 /* hole-Info.plist */,
				3173F60B16F0264F00793114 /* InfoPlist.strings */,
				3173F60E16F0264F00793114 /* main.m */,
				3173F61016F0264F00793114 /* hole-Prefix.pch */,
				3173F61416F0264F00793114 /* Default.png */,
				3173F61616F0264F00793114 /* Default@2x.png */,
				3173F61816F0264F00793114 /* Default-568h@2x.png */,
			);
			name = "Supporting Files";
			sourceTree = "<group>";
		};
/* End PBXGroup section */

/* Begin PBXNativeTarget section */
		3173F5FE16F0264E00793114 /* hole */ = {
			isa = PBXNativeTarget;
			buildConfigurationList = 3173F62516F0264F00793114 /* Build configuration list for PBXNativeTarget "hole" */;
			buildPhases = (
				3173F5FB16F0264E00793114 /* Sources */,
				3173F5FC16F0264E00793114 /* Frameworks */,
				3173F5FD16F0264E00793114 /* Resources */,
			);
			buildRules = (
			);
			dependencies = (
			);
			name = hole;
			productName = hole;
			productReference = 3173F5FF16F0264F00793114 /* hole.app */;
			productType = "com.apple.product-type.application";
		};
/* End PBXNativeTarget section */

/* Begin PBXProject section */
		3173F5F716F0264E00793114 /* Project object */ = {
			isa = PBXProject;
			attributes = {
				LastUpgradeCheck = 0460;
				ORGANIZATIONNAME = "Rob Mayoff";
			};
			buildConfigurationList = 3173F5FA16F0264E00793114 /* Build configuration list for PBXProject "hole" */;
			compatibilityVersion = "Xcode 3.2";
			developmentRegion = English;
			hasScannedForEncodings = 0;
			knownRegions = (
				en,
			);
			mainGroup = 3173F5F616F0264E00793114;
			productRefGroup = 3173F60016F0264F00793114 /* Products */;
			projectDirPath = "";
			projectRoot = "";
			targets = (
				3173F5FE16F0264E00793114 /* hole */,
			);
		};
/* End PBXProject section */

/* Begin PBXResourcesBuildPhase section */
		3173F5FD16F0264E00793114 /* Resources */ = {
			isa = PBXResourcesBuildPhase;
			buildActionMask = 2147483647;
			files = (
				3173F60D16F0264F00793114 /* InfoPlist.strings in Resources */,
				3173F61516F0264F00793114 /* Default.png in Resources */,
				3173F61716F0264F00793114 /* Default@2x.png in Resources */,
				3173F61916F0264F00793114 /* Default-568h@2x.png in Resources */,
				3173F62916F0266700793114 /* Kaz-800.jpg in Resources */,
			);
			runOnlyForDeploymentPostprocessing = 0;
		};
/* End PBXResourcesBuildPhase section */

/* Begin PBXSourcesBuildPhase section */
		3173F5FB16F0264E00793114 /* Sources */ = {
			isa = PBXSourcesBuildPhase;
			buildActionMask = 2147483647;
			files = (
				3173F60F16F0264F00793114 /* main.m in Sources */,
				3173F61316F0264F00793114 /* AppDelegate.m in Sources */,
				3173F61C16F0264F00793114 /* ViewController.m in Sources */,
			);
			runOnlyForDeploymentPostprocessing = 0;
		};
/* End PBXSourcesBuildPhase section */

/* Begin PBXVariantGroup section */
		3173F60B16F0264F00793114 /* InfoPlist.strings */ = {
			isa = PBXVariantGroup;
			children = (
				3173F60C16F0264F00793114 /* en */,
			);
			name = InfoPlist.strings;
			sourceTree = "<group>";
		};
/* End PBXVariantGroup section */

/* Begin XCBuildConfiguration section */
		3173F62316F0264F00793114 /* Debug */ = {
			isa = XCBuildConfiguration;
			buildSettings = {
				ALWAYS_SEARCH_USER_PATHS = NO;
				CLANG_CXX_LANGUAGE_STANDARD = "gnu++0x";
				CLANG_CXX_LIBRARY = "libc++";
				CLANG_ENABLE_OBJC_ARC = YES;
				CLANG_WARN_CONSTANT_CONVERSION = YES;
				CLANG_WARN_EMPTY_BODY = YES;
				CLANG_WARN_ENUM_CONVERSION = YES;
				CLANG_WARN_INT_CONVERSION = YES;
				CLANG_WARN__DUPLICATE_METHOD_MATCH = YES;
				"CODE_SIGN_IDENTITY[sdk=iphoneos*]" = "iPhone Developer";
				COPY_PHASE_STRIP = NO;
				GCC_C_LANGUAGE_STANDARD = gnu99;
				GCC_DYNAMIC_NO_PIC = NO;
				GCC_OPTIMIZATION_LEVEL = 0;
				GCC_PREPROCESSOR_DEFINITIONS = (
					"DEBUG=1",
					"$(inherited)",
				);
				GCC_SYMBOLS_PRIVATE_EXTERN = NO;
				GCC_WARN_ABOUT_RETURN_TYPE = YES;
				GCC_WARN_UNINITIALIZED_AUTOS = YES;
				GCC_WARN_UNUSED_VARIABLE = YES;
				IPHONEOS_DEPLOYMENT_TARGET = 6.1;
				ONLY_ACTIVE_ARCH = YES;
				SDKROOT = iphoneos;
				TARGETED_DEVICE_FAMILY = "1,2";
			};
			name = Debug;
		};
		3173F62416F0264F00793114 /* Release */ = {
			isa = XCBuildConfiguration;
			buildSettings = {
				ALWAYS_SEARCH_USER_PATHS = NO;
				CLANG_CXX_LANGUAGE_STANDARD = "gnu++0x";
				CLANG_CXX_LIBRARY = "libc++";
				CLANG_ENABLE_OBJC_ARC = YES;
				CLANG_WARN_CONSTANT_CONVERSION = YES;
				CLANG_WARN_EMPTY_BODY = YES;
				CLANG_WARN_ENUM_CONVERSION = YES;
				CLANG_WARN_INT_CONVERSION = YES;
				CLANG_WARN__DUPLICATE_METHOD_MATCH = YES;
				"CODE_SIGN_IDENTITY[sdk=iphoneos*]" = "iPhone Developer";
				COPY_PHASE_STRIP = YES;
				GCC_C_LANGUAGE_STANDARD = gnu99;
				GCC_WARN_ABOUT_RETURN_TYPE = YES;
				GCC_WARN_UNINITIALIZED_AUTOS = YES;
				GCC_WARN_UNUSED_VARIABLE = YES;
				IPHONEOS_DEPLOYMENT_TARGET = 6.1;
				OTHER_CFLAGS = "-DNS_BLOCK_ASSERTIONS=1";
				SDKROOT = iphoneos;
				TARGETED_DEVICE_FAMILY = "1,2";
				VALIDATE_PRODUCT = YES;
			};
			name = Release;
		};
		3173F62616F0264F00793114 /* Debug */ = {
			isa = XCBuildConfiguration;
			buildSettings = {
				GCC_PRECOMPILE_PREFIX_HEADER = YES;
				GCC_PREFIX_HEADER = "hole/hole-Prefix.pch";
				INFOPLIST_FILE = "hole/hole-Info.plist";
				IPHONEOS_DEPLOYMENT_TARGET = 5.0;
				PRODUCT_NAME = "$(TARGET_NAME)";
				WRAPPER_EXTENSION = app;
			};
			name = Debug;
		};
		3173F62716F0264F00793114 /* Release */ = {
			isa = XCBuildConfiguration;
			buildSettings = {
				GCC_PRECOMPILE_PREFIX_HEADER = YES;
				GCC_PREFIX_HEADER = "hole/hole-Prefix.pch";
				INFOPLIST_FILE = "hole/hole-Info.plist";
				IPHONEOS_DEPLOYMENT_TARGET = 5.0;
				PRODUCT_NAME = "$(TARGET_NAME)";
				WRAPPER_EXTENSION = app;
			};
			name = Release;
		};
/* End XCBuildConfiguration section */

/* Begin XCConfigurationList section */
		3173F5FA16F0264E00793114 /* Build configuration list for PBXProject "hole" */ = {
			isa = XCConfigurationList;
			buildConfigurations = (
				3173F62316F0264F00793114 /* Debug */,
				3173F62416F0264F00793114 /* Release */,
			);
			defaultConfigurationIsVisible = 0;
			defaultConfigurationName = Release;
		};
		3173F62516F0264F00793114 /* Build configuration list for PBXNativeTarget "hole" */ = {
			isa = XCConfigurationList;
			buildConfigurations = (
				3173F62616F0264F00793114 /* Debug */,
				3173F62716F0264F00793114 /* Release */,
			);
			defaultConfigurationIsVisible = 0;
		};
/* End XCConfigurationList section */
	};
	rootObject = 3173F5F716F0264E00793114 /* Project object */;
}
